
Microsoft Visual Studio Solution File, Format Version 12.00
# Visual Studio Version 17
VisualStudioVersion = 17.10.35027.167
MinimumVisualStudioVersion = 10.0.40219.1
Project("{FAE04EC0-301F-11D3-BF4B-00C04F79EFBC}") = "Badminton_BE", "Badminton_BE\Badminton_BE.csproj", "{B77AAA8F-2EE7-4629-B271-E77A2D055D6D}"
EndProject
Global
	GlobalSection(SolutionConfigurationPlatforms) = preSolution
		Debug|Any CPU = Debug|Any CPU
		Release|Any CPU = Release|Any CPU
	EndGlobalSection
	GlobalSection(ProjectConfigurationPlatforms) = postSolution
		{B77AAA8F-2EE7-4629-B271-E77A2D055D6D}.Debug|Any CPU.ActiveCfg = Debug|Any CPU
		{B77AAA8F-2EE7-4629-B271-E77A2D055D6D}.Debug|Any CPU.Build.0 = Debug|Any CPU
		{B77AAA8F-2EE7-4629-B271-E77A2D055D6D}.Release|Any CPU.ActiveCfg = Release|Any CPU
		{B77AAA8F-2EE7-4629-B271-E77A2D055D6D}.Release|Any CPU.Build.0 = Release|Any CPU
	EndGlobalSection
	GlobalSection(SolutionProperties) = preSolution
		HideSolutionNode = FALSE
	EndGlobalSection
	GlobalSection(ExtensibilityGlobals) = postSolution
		SolutionGuid = {BEE3410D-DA41-4B96-A1DF-2299C78381FB}
	EndGlobalSection
EndGlobal
